// !$*UTF8*$!
{
	archiveVersion = 1;
	classes = {
	};
	objectVersion = 46;
	objects = {

/* Begin PBXBuildFile section */
		2F881BF2B120CBCEA96AFD43 /* libPods-Watermelon.a in Frameworks */ = {isa = PBXBuildFile; fileRef = 9A9114016328333899A7B6BD /* libPods-Watermelon.a */; };
		A6E42D741E667D5E004B2600 /* WebKit.framework in Frameworks */ = {isa = PBXBuildFile; fileRef = A6E42D731E667D5E004B2600 /* WebKit.framework */; };
		DEE953D21E6678A5004CB2F8 /* WMWebViewController.m in Sources */ = {isa = PBXBuildFile; fileRef = DEE953D11E6678A5004CB2F8 /* WMWebViewController.m */; };
		DEE953E11E66BD84004CB2F8 /* WMActionManager.m in Sources */ = {isa = PBXBuildFile; fileRef = DEE953E01E66BD84004CB2F8 /* WMActionManager.m */; };
		DEE953E71E66CA48004CB2F8 /* image.png in Resources */ = {isa = PBXBuildFile; fileRef = DEE953E31E66CA48004CB2F8 /* image.png */; };
		DEE953E81E66CA48004CB2F8 /* index1.css in Resources */ = {isa = PBXBuildFile; fileRef = DEE953E41E66CA48004CB2F8 /* index1.css */; };
		DEE953E91E66CA48004CB2F8 /* index1.html in Resources */ = {isa = PBXBuildFile; fileRef = DEE953E51E66CA48004CB2F8 /* index1.html */; };
		DEE953EA1E66CA48004CB2F8 /* index1.js in Resources */ = {isa = PBXBuildFile; fileRef = DEE953E61E66CA48004CB2F8 /* index1.js */; };
		DEE953EC1E66CB3A004CB2F8 /* index2.html in Resources */ = {isa = PBXBuildFile; fileRef = DEE953EB1E66CB3A004CB2F8 /* index2.html */; };
		DEE953EF1E66CC6B004CB2F8 /* WMViewController.m in Sources */ = {isa = PBXBuildFile; fileRef = DEE953EE1E66CC6B004CB2F8 /* WMViewController.m */; };
		DEE953F31E66D20C004CB2F8 /* MDSNavLeft.m in Sources */ = {isa = PBXBuildFile; fileRef = DEE953F21E66D20C004CB2F8 /* MDSNavLeft.m */; };
		DEE953F61E66D21F004CB2F8 /* MDSNavRight.m in Sources */ = {isa = PBXBuildFile; fileRef = DEE953F51E66D21F004CB2F8 /* MDSNavRight.m */; };
		DEE953F91E66D232004CB2F8 /* MDSNavTitle.m in Sources */ = {isa = PBXBuildFile; fileRef = DEE953F81E66D232004CB2F8 /* MDSNavTitle.m */; };
		DEE953FB1E6831D2004CB2F8 /* index3.html in Resources */ = {isa = PBXBuildFile; fileRef = DEE953FA1E6831D2004CB2F8 /* index3.html */; };
		DEEE03C61E6563CD00A0FAE5 /* main.m in Sources */ = {isa = PBXBuildFile; fileRef = DEEE03C51E6563CD00A0FAE5 /* main.m */; };
		DEEE03C91E6563CD00A0FAE5 /* AppDelegate.m in Sources */ = {isa = PBXBuildFile; fileRef = DEEE03C81E6563CD00A0FAE5 /* AppDelegate.m */; };
		DEEE03CC1E6563CD00A0FAE5 /* WMHomeViewController.m in Sources */ = {isa = PBXBuildFile; fileRef = DEEE03CB1E6563CD00A0FAE5 /* WMHomeViewController.m */; };
		DEEE03D11E6563CD00A0FAE5 /* Assets.xcassets in Resources */ = {isa = PBXBuildFile; fileRef = DEEE03D01E6563CD00A0FAE5 /* Assets.xcassets */; };
		DEEE03D41E6563CD00A0FAE5 /* LaunchScreen.storyboard in Resources */ = {isa = PBXBuildFile; fileRef = DEEE03D21E6563CD00A0FAE5 /* LaunchScreen.storyboard */; };
		DEEE03DE1E65648900A0FAE5 /* WMURLProtocol.m in Sources */ = {isa = PBXBuildFile; fileRef = DEEE03DD1E65648900A0FAE5 /* WMURLProtocol.m */; };
		DEEE03E81E65841800A0FAE5 /* NSString+JKURLEncode.m in Sources */ = {isa = PBXBuildFile; fileRef = DEEE03E21E65841800A0FAE5 /* NSString+JKURLEncode.m */; };
		DEEE03E91E65841800A0FAE5 /* MDSRouting.json in Resources */ = {isa = PBXBuildFile; fileRef = DEEE03E31E65841800A0FAE5 /* MDSRouting.json */; };
		DEEE03EA1E65841800A0FAE5 /* MDSRouter.m in Sources */ = {isa = PBXBuildFile; fileRef = DEEE03E51E65841800A0FAE5 /* MDSRouter.m */; };
		DEEE03EB1E65841800A0FAE5 /* XYRouter.m in Sources */ = {isa = PBXBuildFile; fileRef = DEEE03E71E65841800A0FAE5 /* XYRouter.m */; };
		DEEE03EF1E65867100A0FAE5 /* WMHomeViewController.xib in Resources */ = {isa = PBXBuildFile; fileRef = DEEE03EE1E65867100A0FAE5 /* WMHomeViewController.xib */; };
		DEEE03F31E65887400A0FAE5 /* WMH5ViewController.m in Sources */ = {isa = PBXBuildFile; fileRef = DEEE03F11E65887400A0FAE5 /* WMH5ViewController.m */; };
		DEEE03F41E65887400A0FAE5 /* WMH5ViewController.xib in Resources */ = {isa = PBXBuildFile; fileRef = DEEE03F21E65887400A0FAE5 /* WMH5ViewController.xib */; };
/* End PBXBuildFile section */

/* Begin PBXFileReference section */
		14054AF0942857E0499FF395 /* Pods-Watermelon.release.xcconfig */ = {isa = PBXFileReference; includeInIndex = 1; lastKnownFileType = text.xcconfig; name = "Pods-Watermelon.release.xcconfig"; path = "Pods/Target Support Files/Pods-Watermelon/Pods-Watermelon.release.xcconfig"; sourceTree = "<group>"; };
		9A9114016328333899A7B6BD /* libPods-Watermelon.a */ = {isa = PBXFileReference; explicitFileType = archive.ar; includeInIndex = 0; path = "libPods-Watermelon.a"; sourceTree = BUILT_PRODUCTS_DIR; };
		A6E42D731E667D5E004B2600 /* WebKit.framework */ = {isa = PBXFileReference; lastKnownFileType = wrapper.framework; name = WebKit.framework; path = System/Library/Frameworks/WebKit.framework; sourceTree = SDKROOT; };
		AC5A478E37124C9ECB95B085 /* Pods-Watermelon.debug.xcconfig */ = {isa = PBXFileReference; includeInIndex = 1; lastKnownFileType = text.xcconfig; name = "Pods-Watermelon.debug.xcconfig"; path = "Pods/Target Support Files/Pods-Watermelon/Pods-Watermelon.debug.xcconfig"; sourceTree = "<group>"; };
		DEE953D01E6678A5004CB2F8 /* WMWebViewController.h */ = {isa = PBXFileReference; fileEncoding = 4; lastKnownFileType = sourcecode.c.h; path = WMWebViewController.h; sourceTree = "<group>"; };
		DEE953D11E6678A5004CB2F8 /* WMWebViewController.m */ = {isa = PBXFileReference; fileEncoding = 4; lastKnownFileType = sourcecode.c.objc; path = WMWebViewController.m; sourceTree = "<group>"; };
		DEE953DF1E66BD84004CB2F8 /* WMActionManager.h */ = {isa = PBXFileReference; fileEncoding = 4; lastKnownFileType = sourcecode.c.h; path = WMActionManager.h; sourceTree = "<group>"; };
		DEE953E01E66BD84004CB2F8 /* WMActionManager.m */ = {isa = PBXFileReference; fileEncoding = 4; lastKnownFileType = sourcecode.c.objc; path = WMActionManager.m; sourceTree = "<group>"; };
		DEE953E31E66CA48004CB2F8 /* image.png */ = {isa = PBXFileReference; lastKnownFileType = image.png; path = image.png; sourceTree = "<group>"; };
		DEE953E41E66CA48004CB2F8 /* index1.css */ = {isa = PBXFileReference; fileEncoding = 4; lastKnownFileType = text.css; path = index1.css; sourceTree = "<group>"; };
		DEE953E51E66CA48004CB2F8 /* index1.html */ = {isa = PBXFileReference; fileEncoding = 4; lastKnownFileType = text.html; path = index1.html; sourceTree = "<group>"; };
		DEE953E61E66CA48004CB2F8 /* index1.js */ = {isa = PBXFileReference; fileEncoding = 4; lastKnownFileType = sourcecode.javascript; path = index1.js; sourceTree = "<group>"; };
		DEE953EB1E66CB3A004CB2F8 /* index2.html */ = {isa = PBXFileReference; fileEncoding = 4; lastKnownFileType = text.html; path = index2.html; sourceTree = "<group>"; };
		DEE953ED1E66CC6B004CB2F8 /* WMViewController.h */ = {isa = PBXFileReference; fileEncoding = 4; lastKnownFileType = sourcecode.c.h; path = WMViewController.h; sourceTree = "<group>"; };
		DEE953EE1E66CC6B004CB2F8 /* WMViewController.m */ = {isa = PBXFileReference; fileEncoding = 4; lastKnownFileType = sourcecode.c.objc; path = WMViewController.m; sourceTree = "<group>"; };
		DEE953F11E66D20C004CB2F8 /* MDSNavLeft.h */ = {isa = PBXFileReference; fileEncoding = 4; lastKnownFileType = sourcecode.c.h; path = MDSNavLeft.h; sourceTree = "<group>"; };
		DEE953F21E66D20C004CB2F8 /* MDSNavLeft.m */ = {isa = PBXFileReference; fileEncoding = 4; lastKnownFileType = sourcecode.c.objc; path = MDSNavLeft.m; sourceTree = "<group>"; };
		DEE953F41E66D21F004CB2F8 /* MDSNavRight.h */ = {isa = PBXFileReference; fileEncoding = 4; lastKnownFileType = sourcecode.c.h; path = MDSNavRight.h; sourceTree = "<group>"; };
		DEE953F51E66D21F004CB2F8 /* MDSNavRight.m */ = {isa = PBXFileReference; fileEncoding = 4; lastKnownFileType = sourcecode.c.objc; path = MDSNavRight.m; sourceTree = "<group>"; };
		DEE953F71E66D232004CB2F8 /* MDSNavTitle.h */ = {isa = PBXFileReference; fileEncoding = 4; lastKnownFileType = sourcecode.c.h; path = MDSNavTitle.h; sourceTree = "<group>"; };
		DEE953F81E66D232004CB2F8 /* MDSNavTitle.m */ = {isa = PBXFileReference; fileEncoding = 4; lastKnownFileType = sourcecode.c.objc; path = MDSNavTitle.m; sourceTree = "<group>"; };
		DEE953FA1E6831D2004CB2F8 /* index3.html */ = {isa = PBXFileReference; fileEncoding = 4; lastKnownFileType = text.html; path = index3.html; sourceTree = "<group>"; };
		DEEE03C11E6563CD00A0FAE5 /* Watermelon.app */ = {isa = PBXFileReference; explicitFileType = wrapper.application; includeInIndex = 0; path = Watermelon.app; sourceTree = BUILT_PRODUCTS_DIR; };
		DEEE03C51E6563CD00A0FAE5 /* main.m */ = {isa = PBXFileReference; lastKnownFileType = sourcecode.c.objc; path = main.m; sourceTree = "<group>"; };
		DEEE03C71E6563CD00A0FAE5 /* AppDelegate.h */ = {isa = PBXFileReference; lastKnownFileType = sourcecode.c.h; path = AppDelegate.h; sourceTree = "<group>"; };
		DEEE03C81E6563CD00A0FAE5 /* AppDelegate.m */ = {isa = PBXFileReference; lastKnownFileType = sourcecode.c.objc; path = AppDelegate.m; sourceTree = "<group>"; };
		DEEE03CA1E6563CD00A0FAE5 /* WMHomeViewController.h */ = {isa = PBXFileReference; lastKnownFileType = sourcecode.c.h; path = WMHomeViewController.h; sourceTree = "<group>"; };
		DEEE03CB1E6563CD00A0FAE5 /* WMHomeViewController.m */ = {isa = PBXFileReference; lastKnownFileType = sourcecode.c.objc; path = WMHomeViewController.m; sourceTree = "<group>"; };
		DEEE03D01E6563CD00A0FAE5 /* Assets.xcassets */ = {isa = PBXFileReference; lastKnownFileType = folder.assetcatalog; path = Assets.xcassets; sourceTree = "<group>"; };
		DEEE03D31E6563CD00A0FAE5 /* Base */ = {isa = PBXFileReference; lastKnownFileType = file.storyboard; name = Base; path = Base.lproj/LaunchScreen.storyboard; sourceTree = "<group>"; };
		DEEE03D51E6563CD00A0FAE5 /* Info.plist */ = {isa = PBXFileReference; lastKnownFileType = text.plist.xml; path = Info.plist; sourceTree = "<group>"; };
		DEEE03DC1E65648900A0FAE5 /* WMURLProtocol.h */ = {isa = PBXFileReference; fileEncoding = 4; lastKnownFileType = sourcecode.c.h; path = WMURLProtocol.h; sourceTree = "<group>"; };
		DEEE03DD1E65648900A0FAE5 /* WMURLProtocol.m */ = {isa = PBXFileReference; fileEncoding = 4; lastKnownFileType = sourcecode.c.objc; path = WMURLProtocol.m; sourceTree = "<group>"; };
		DEEE03E11E65841800A0FAE5 /* NSString+JKURLEncode.h */ = {isa = PBXFileReference; fileEncoding = 4; lastKnownFileType = sourcecode.c.h; path = "NSString+JKURLEncode.h"; sourceTree = "<group>"; };
		DEEE03E21E65841800A0FAE5 /* NSString+JKURLEncode.m */ = {isa = PBXFileReference; fileEncoding = 4; lastKnownFileType = sourcecode.c.objc; path = "NSString+JKURLEncode.m"; sourceTree = "<group>"; };
		DEEE03E31E65841800A0FAE5 /* MDSRouting.json */ = {isa = PBXFileReference; fileEncoding = 4; lastKnownFileType = text.json; path = MDSRouting.json; sourceTree = "<group>"; };
		DEEE03E41E65841800A0FAE5 /* MDSRouter.h */ = {isa = PBXFileReference; fileEncoding = 4; lastKnownFileType = sourcecode.c.h; path = MDSRouter.h; sourceTree = "<group>"; };
		DEEE03E51E65841800A0FAE5 /* MDSRouter.m */ = {isa = PBXFileReference; fileEncoding = 4; lastKnownFileType = sourcecode.c.objc; path = MDSRouter.m; sourceTree = "<group>"; };
		DEEE03E61E65841800A0FAE5 /* XYRouter.h */ = {isa = PBXFileReference; fileEncoding = 4; lastKnownFileType = sourcecode.c.h; path = XYRouter.h; sourceTree = "<group>"; };
		DEEE03E71E65841800A0FAE5 /* XYRouter.m */ = {isa = PBXFileReference; fileEncoding = 4; lastKnownFileType = sourcecode.c.objc; path = XYRouter.m; sourceTree = "<group>"; };
		DEEE03EE1E65867100A0FAE5 /* WMHomeViewController.xib */ = {isa = PBXFileReference; fileEncoding = 4; lastKnownFileType = file.xib; path = WMHomeViewController.xib; sourceTree = "<group>"; };
		DEEE03F01E65887400A0FAE5 /* WMH5ViewController.h */ = {isa = PBXFileReference; fileEncoding = 4; lastKnownFileType = sourcecode.c.h; path = WMH5ViewController.h; sourceTree = "<group>"; };
		DEEE03F11E65887400A0FAE5 /* WMH5ViewController.m */ = {isa = PBXFileReference; fileEncoding = 4; lastKnownFileType = sourcecode.c.objc; path = WMH5ViewController.m; sourceTree = "<group>"; };
		DEEE03F21E65887400A0FAE5 /* WMH5ViewController.xib */ = {isa = PBXFileReference; fileEncoding = 4; lastKnownFileType = file.xib; path = WMH5ViewController.xib; sourceTree = "<group>"; };
/* End PBXFileReference section */

/* Begin PBXFrameworksBuildPhase section */
		DEEE03BE1E6563CD00A0FAE5 /* Frameworks */ = {
			isa = PBXFrameworksBuildPhase;
			buildActionMask = 2147483647;
			files = (
				A6E42D741E667D5E004B2600 /* WebKit.framework in Frameworks */,
				2F881BF2B120CBCEA96AFD43 /* libPods-Watermelon.a in Frameworks */,
			);
			runOnlyForDeploymentPostprocessing = 0;
		};
/* End PBXFrameworksBuildPhase section */

/* Begin PBXGroup section */
		A6E42D721E667D5E004B2600 /* Frameworks */ = {
			isa = PBXGroup;
			children = (
				A6E42D731E667D5E004B2600 /* WebKit.framework */,
				9A9114016328333899A7B6BD /* libPods-Watermelon.a */,
			);
			name = Frameworks;
			sourceTree = "<group>";
		};
		AFBC8CE74BFEF7D52023BE0A /* Pods */ = {
			isa = PBXGroup;
			children = (
				AC5A478E37124C9ECB95B085 /* Pods-Watermelon.debug.xcconfig */,
				14054AF0942857E0499FF395 /* Pods-Watermelon.release.xcconfig */,
			);
			name = Pods;
			sourceTree = "<group>";
		};
		DEE953E21E66CA48004CB2F8 /* webapp */ = {
			isa = PBXGroup;
			children = (
				DEE953FA1E6831D2004CB2F8 /* index3.html */,
				DEE953EB1E66CB3A004CB2F8 /* index2.html */,
				DEE953E31E66CA48004CB2F8 /* image.png */,
				DEE953E41E66CA48004CB2F8 /* index1.css */,
				DEE953E51E66CA48004CB2F8 /* index1.html */,
				DEE953E61E66CA48004CB2F8 /* index1.js */,
			);
			path = webapp;
			sourceTree = "<group>";
		};
		DEE953F01E66D1C7004CB2F8 /* model */ = {
			isa = PBXGroup;
			children = (
				DEE953F11E66D20C004CB2F8 /* MDSNavLeft.h */,
				DEE953F21E66D20C004CB2F8 /* MDSNavLeft.m */,
				DEE953F41E66D21F004CB2F8 /* MDSNavRight.h */,
				DEE953F51E66D21F004CB2F8 /* MDSNavRight.m */,
				DEE953F71E66D232004CB2F8 /* MDSNavTitle.h */,
				DEE953F81E66D232004CB2F8 /* MDSNavTitle.m */,
			);
			path = model;
			sourceTree = "<group>";
		};
		DEEE03B81E6563CD00A0FAE5 = {
			isa = PBXGroup;
			children = (
				DEEE03C31E6563CD00A0FAE5 /* Watermelon */,
				DEEE03C21E6563CD00A0FAE5 /* Products */,
				A6E42D721E667D5E004B2600 /* Frameworks */,
				AFBC8CE74BFEF7D52023BE0A /* Pods */,
			);
			sourceTree = "<group>";
		};
		DEEE03C21E6563CD00A0FAE5 /* Products */ = {
			isa = PBXGroup;
			children = (
				DEEE03C11E6563CD00A0FAE5 /* Watermelon.app */,
			);
			name = Products;
			sourceTree = "<group>";
		};
		DEEE03C31E6563CD00A0FAE5 /* Watermelon */ = {
			isa = PBXGroup;
			children = (
				DEE953F01E66D1C7004CB2F8 /* model */,
				DEE953E21E66CA48004CB2F8 /* webapp */,
				DEEE03DB1E65644F00A0FAE5 /* watermelon */,
				DEEE03C71E6563CD00A0FAE5 /* AppDelegate.h */,
				DEEE03C81E6563CD00A0FAE5 /* AppDelegate.m */,
				DEEE03CA1E6563CD00A0FAE5 /* WMHomeViewController.h */,
				DEEE03CB1E6563CD00A0FAE5 /* WMHomeViewController.m */,
				DEEE03EE1E65867100A0FAE5 /* WMHomeViewController.xib */,
				DEEE03D01E6563CD00A0FAE5 /* Assets.xcassets */,
				DEEE03D21E6563CD00A0FAE5 /* LaunchScreen.storyboard */,
				DEEE03D51E6563CD00A0FAE5 /* Info.plist */,
				DEEE03C41E6563CD00A0FAE5 /* Supporting Files */,
				DEEE03F01E65887400A0FAE5 /* WMH5ViewController.h */,
				DEEE03F11E65887400A0FAE5 /* WMH5ViewController.m */,
				DEEE03F21E65887400A0FAE5 /* WMH5ViewController.xib */,
				DEE953D01E6678A5004CB2F8 /* WMWebViewController.h */,
				DEE953D11E6678A5004CB2F8 /* WMWebViewController.m */,
				DEE953ED1E66CC6B004CB2F8 /* WMViewController.h */,
				DEE953EE1E66CC6B004CB2F8 /* WMViewController.m */,
			);
			path = Watermelon;
			sourceTree = "<group>";
		};
		DEEE03C41E6563CD00A0FAE5 /* Supporting Files */ = {
			isa = PBXGroup;
			children = (
				DEEE03C51E6563CD00A0FAE5 /* main.m */,
			);
			name = "Supporting Files";
			sourceTree = "<group>";
		};
		DEEE03DB1E65644F00A0FAE5 /* watermelon */ = {
			isa = PBXGroup;
			children = (
				DEEE03E11E65841800A0FAE5 /* NSString+JKURLEncode.h */,
				DEEE03E21E65841800A0FAE5 /* NSString+JKURLEncode.m */,
				DEEE03E31E65841800A0FAE5 /* MDSRouting.json */,
				DEEE03E41E65841800A0FAE5 /* MDSRouter.h */,
				DEEE03E51E65841800A0FAE5 /* MDSRouter.m */,
				DEEE03E61E65841800A0FAE5 /* XYRouter.h */,
				DEEE03E71E65841800A0FAE5 /* XYRouter.m */,
				DEEE03DC1E65648900A0FAE5 /* WMURLProtocol.h */,
				DEEE03DD1E65648900A0FAE5 /* WMURLProtocol.m */,
				DEE953DF1E66BD84004CB2F8 /* WMActionManager.h */,
				DEE953E01E66BD84004CB2F8 /* WMActionManager.m */,
			);
			path = watermelon;
			sourceTree = "<group>";
		};
/* End PBXGroup section */

/* Begin PBXNativeTarget section */
		DEEE03C01E6563CD00A0FAE5 /* Watermelon */ = {
			isa = PBXNativeTarget;
			buildConfigurationList = DEEE03D81E6563CD00A0FAE5 /* Build configuration list for PBXNativeTarget "Watermelon" */;
			buildPhases = (
				1BAA4B2BB719B9907E4E4FDA /* [CP] Check Pods Manifest.lock */,
				DEEE03BD1E6563CD00A0FAE5 /* Sources */,
				DEEE03BE1E6563CD00A0FAE5 /* Frameworks */,
				DEEE03BF1E6563CD00A0FAE5 /* Resources */,
				0BA14CC2DF2E2B9A11119645 /* [CP] Embed Pods Frameworks */,
				2C6480064021E04BA898EEB2 /* [CP] Copy Pods Resources */,
			);
			buildRules = (
			);
			dependencies = (
			);
			name = Watermelon;
			productName = Watermelon;
			productReference = DEEE03C11E6563CD00A0FAE5 /* Watermelon.app */;
			productType = "com.apple.product-type.application";
		};
/* End PBXNativeTarget section */

/* Begin PBXProject section */
		DEEE03B91E6563CD00A0FAE5 /* Project object */ = {
			isa = PBXProject;
			attributes = {
				LastUpgradeCheck = 0820;
				ORGANIZATIONNAME = kyson;
				TargetAttributes = {
					DEEE03C01E6563CD00A0FAE5 = {
						CreatedOnToolsVersion = 8.2.1;
						ProvisioningStyle = Automatic;
					};
				};
			};
			buildConfigurationList = DEEE03BC1E6563CD00A0FAE5 /* Build configuration list for PBXProject "Watermelon" */;
			compatibilityVersion = "Xcode 3.2";
			developmentRegion = English;
			hasScannedForEncodings = 0;
			knownRegions = (
				en,
				Base,
			);
			mainGroup = DEEE03B81E6563CD00A0FAE5;
			productRefGroup = DEEE03C21E6563CD00A0FAE5 /* Products */;
			projectDirPath = "";
			projectRoot = "";
			targets = (
				DEEE03C01E6563CD00A0FAE5 /* Watermelon */,
			);
		};
/* End PBXProject section */

/* Begin PBXResourcesBuildPhase section */
		DEEE03BF1E6563CD00A0FAE5 /* Resources */ = {
			isa = PBXResourcesBuildPhase;
			buildActionMask = 2147483647;
			files = (
				DEEE03D41E6563CD00A0FAE5 /* LaunchScreen.storyboard in Resources */,
				DEE953E81E66CA48004CB2F8 /* index1.css in Resources */,
				DEEE03EF1E65867100A0FAE5 /* WMHomeViewController.xib in Resources */,
				DEEE03D11E6563CD00A0FAE5 /* Assets.xcassets in Resources */,
				DEE953EC1E66CB3A004CB2F8 /* index2.html in Resources */,
				DEEE03F41E65887400A0FAE5 /* WMH5ViewController.xib in Resources */,
				DEEE03E91E65841800A0FAE5 /* MDSRouting.json in Resources */,
				DEE953E71E66CA48004CB2F8 /* image.png in Resources */,
				DEE953E91E66CA48004CB2F8 /* index1.html in Resources */,
				DEE953FB1E6831D2004CB2F8 /* index3.html in Resources */,
				DEE953EA1E66CA48004CB2F8 /* index1.js in Resources */,
			);
			runOnlyForDeploymentPostprocessing = 0;
		};
/* End PBXResourcesBuildPhase section */

/* Begin PBXShellScriptBuildPhase section */
		0BA14CC2DF2E2B9A11119645 /* [CP] Embed Pods Frameworks */ = {
			isa = PBXShellScriptBuildPhase;
			buildActionMask = 2147483647;
			files = (
			);
			inputPaths = (
			);
			name = "[CP] Embed Pods Frameworks";
			outputPaths = (
			);
			runOnlyForDeploymentPostprocessing = 0;
			shellPath = /bin/sh;
			shellScript = "\"${SRCROOT}/Pods/Target Support Files/Pods-Watermelon/Pods-Watermelon-frameworks.sh\"\n";
			showEnvVarsInLog = 0;
		};
		1BAA4B2BB719B9907E4E4FDA /* [CP] Check Pods Manifest.lock */ = {
			isa = PBXShellScriptBuildPhase;
			buildActionMask = 2147483647;
			files = (
			);
			inputPaths = (
			);
			name = "[CP] Check Pods Manifest.lock";
			outputPaths = (
			);
			runOnlyForDeploymentPostprocessing = 0;
			shellPath = /bin/sh;
			shellScript = "diff \"${PODS_ROOT}/../Podfile.lock\" \"${PODS_ROOT}/Manifest.lock\" > /dev/null\nif [ $? != 0 ] ; then\n    # print error to STDERR\n    echo \"error: The sandbox is not in sync with the Podfile.lock. Run 'pod install' or update your CocoaPods installation.\" >&2\n    exit 1\nfi\n";
			showEnvVarsInLog = 0;
		};
		2C6480064021E04BA898EEB2 /* [CP] Copy Pods Resources */ = {
			isa = PBXShellScriptBuildPhase;
			buildActionMask = 2147483647;
			files = (
			);
			inputPaths = (
			);
			name = "[CP] Copy Pods Resources";
			outputPaths = (
			);
			runOnlyForDeploymentPostprocessing = 0;
			shellPath = /bin/sh;
			shellScript = "\"${SRCROOT}/Pods/Target Support Files/Pods-Watermelon/Pods-Watermelon-resources.sh\"\n";
			showEnvVarsInLog = 0;
		};
/* End PBXShellScriptBuildPhase section */

/* Begin PBXSourcesBuildPhase section */
		DEEE03BD1E6563CD00A0FAE5 /* Sources */ = {
			isa = PBXSourcesBuildPhase;
			buildActionMask = 2147483647;
			files = (
				DEE953EF1E66CC6B004CB2F8 /* WMViewController.m in Sources */,
				DEEE03CC1E6563CD00A0FAE5 /* WMHomeViewController.m in Sources */,
				DEE953F61E66D21F004CB2F8 /* MDSNavRight.m in Sources */,
				DEE953F91E66D232004CB2F8 /* MDSNavTitle.m in Sources */,
				DEEE03E81E65841800A0FAE5 /* NSString+JKURLEncode.m in Sources */,
				DEE953F31E66D20C004CB2F8 /* MDSNavLeft.m in Sources */,
				DEEE03C91E6563CD00A0FAE5 /* AppDelegate.m in Sources */,
				DEEE03EB1E65841800A0FAE5 /* XYRouter.m in Sources */,
				DEEE03C61E6563CD00A0FAE5 /* main.m in Sources */,
				DEEE03DE1E65648900A0FAE5 /* WMURLProtocol.m in Sources */,
				DEEE03EA1E65841800A0FAE5 /* MDSRouter.m in Sources */,
				DEE953D21E6678A5004CB2F8 /* WMWebViewController.m in Sources */,
				DEEE03F31E65887400A0FAE5 /* WMH5ViewController.m in Sources */,
				DEE953E11E66BD84004CB2F8 /* WMActionManager.m in Sources */,
			);
			runOnlyForDeploymentPostprocessing = 0;
		};
/* End PBXSourcesBuildPhase section */

/* Begin PBXVariantGroup section */
		DEEE03D21E6563CD00A0FAE5 /* LaunchScreen.storyboard */ = {
			isa = PBXVariantGroup;
			children = (
				DEEE03D31E6563CD00A0FAE5 /* Base */,
			);
			name = LaunchScreen.storyboard;
			sourceTree = "<group>";
		};
/* End PBXVariantGroup section */

/* Begin XCBuildConfiguration section */
		DEEE03D61E6563CD00A0FAE5 /* Debug */ = {
			isa = XCBuildConfiguration;
			buildSettings = {
				ALWAYS_SEARCH_USER_PATHS = NO;
				CLANG_ANALYZER_NONNULL = YES;
				CLANG_CXX_LANGUAGE_STANDARD = "gnu++0x";
				CLANG_CXX_LIBRARY = "libc++";
				CLANG_ENABLE_MODULES = YES;
				CLANG_ENABLE_OBJC_ARC = YES;
				CLANG_WARN_BOOL_CONVERSION = YES;
				CLANG_WARN_CONSTANT_CONVERSION = YES;
				CLANG_WARN_DIRECT_OBJC_ISA_USAGE = YES_ERROR;
				CLANG_WARN_DOCUMENTATION_COMMENTS = YES;
				CLANG_WARN_EMPTY_BODY = YES;
				CLANG_WARN_ENUM_CONVERSION = YES;
				CLANG_WARN_INFINITE_RECURSION = YES;
				CLANG_WARN_INT_CONVERSION = YES;
				CLANG_WARN_OBJC_ROOT_CLASS = YES_ERROR;
				CLANG_WARN_SUSPICIOUS_MOVE = YES;
				CLANG_WARN_UNREACHABLE_CODE = YES;
				CLANG_WARN__DUPLICATE_METHOD_MATCH = YES;
				"CODE_SIGN_IDENTITY[sdk=iphoneos*]" = "iPhone Developer";
				COPY_PHASE_STRIP = NO;
				DEBUG_INFORMATION_FORMAT = dwarf;
				ENABLE_STRICT_OBJC_MSGSEND = YES;
				ENABLE_TESTABILITY = YES;
				GCC_C_LANGUAGE_STANDARD = gnu99;
				GCC_DYNAMIC_NO_PIC = NO;
				GCC_NO_COMMON_BLOCKS = YES;
				GCC_OPTIMIZATION_LEVEL = 0;
				GCC_PREPROCESSOR_DEFINITIONS = (
					"DEBUG=1",
					"$(inherited)",
				);
				GCC_WARN_64_TO_32_BIT_CONVERSION = YES;
				GCC_WARN_ABOUT_RETURN_TYPE = YES_ERROR;
				GCC_WARN_UNDECLARED_SELECTOR = YES;
				GCC_WARN_UNINITIALIZED_AUTOS = YES_AGGRESSIVE;
				GCC_WARN_UNUSED_FUNCTION = YES;
				GCC_WARN_UNUSED_VARIABLE = YES;
				IPHONEOS_DEPLOYMENT_TARGET = 10.2;
				MTL_ENABLE_DEBUG_INFO = YES;
				ONLY_ACTIVE_ARCH = YES;
				SDKROOT = iphoneos;
			};
			name = Debug;
		};
		DEEE03D71E6563CD00A0FAE5 /* Release */ = {
			isa = XCBuildConfiguration;
			buildSettings = {
				ALWAYS_SEARCH_USER_PATHS = NO;
				CLANG_ANALYZER_NONNULL = YES;
				CLANG_CXX_LANGUAGE_STANDARD = "gnu++0x";
				CLANG_CXX_LIBRARY = "libc++";
				CLANG_ENABLE_MODULES = YES;
				CLANG_ENABLE_OBJC_ARC = YES;
				CLANG_WARN_BOOL_CONVERSION = YES;
				CLANG_WARN_CONSTANT_CONVERSION = YES;
				CLANG_WARN_DIRECT_OBJC_ISA_USAGE = YES_ERROR;
				CLANG_WARN_DOCUMENTATION_COMMENTS = YES;
				CLANG_WARN_EMPTY_BODY = YES;
				CLANG_WARN_ENUM_CONVERSION = YES;
				CLANG_WARN_INFINITE_RECURSION = YES;
				CLANG_WARN_INT_CONVERSION = YES;
				CLANG_WARN_OBJC_ROOT_CLASS = YES_ERROR;
				CLANG_WARN_SUSPICIOUS_MOVE = YES;
				CLANG_WARN_UNREACHABLE_CODE = YES;
				CLANG_WARN__DUPLICATE_METHOD_MATCH = YES;
				"CODE_SIGN_IDENTITY[sdk=iphoneos*]" = "iPhone Developer";
				COPY_PHASE_STRIP = NO;
				DEBUG_INFORMATION_FORMAT = "dwarf-with-dsym";
				ENABLE_NS_ASSERTIONS = NO;
				ENABLE_STRICT_OBJC_MSGSEND = YES;
				GCC_C_LANGUAGE_STANDARD = gnu99;
				GCC_NO_COMMON_BLOCKS = YES;
				GCC_WARN_64_TO_32_BIT_CONVERSION = YES;
				GCC_WARN_ABOUT_RETURN_TYPE = YES_ERROR;
				GCC_WARN_UNDECLARED_SELECTOR = YES;
				GCC_WARN_UNINITIALIZED_AUTOS = YES_AGGRESSIVE;
				GCC_WARN_UNUSED_FUNCTION = YES;
				GCC_WARN_UNUSED_VARIABLE = YES;
				IPHONEOS_DEPLOYMENT_TARGET = 10.2;
				MTL_ENABLE_DEBUG_INFO = NO;
				SDKROOT = iphoneos;
				VALIDATE_PRODUCT = YES;
			};
			name = Release;
		};
		DEEE03D91E6563CD00A0FAE5 /* Debug */ = {
			isa = XCBuildConfiguration;
			baseConfigurationReference = AC5A478E37124C9ECB95B085 /* Pods-Watermelon.debug.xcconfig */;
			buildSettings = {
				ASSETCATALOG_COMPILER_APPICON_NAME = AppIcon;
				INFOPLIST_FILE = Watermelon/Info.plist;
				LD_RUNPATH_SEARCH_PATHS = "$(inherited) @executable_path/Frameworks";
				PRODUCT_BUNDLE_IDENTIFIER = com.medishare.Watermelon;
				PRODUCT_NAME = "$(TARGET_NAME)";
			};
			name = Debug;
		};
		DEEE03DA1E6563CD00A0FAE5 /* Release */ = {
			isa = XCBuildConfiguration;
			baseConfigurationReference = 14054AF0942857E0499FF395 /* Pods-Watermelon.release.xcconfig */;
			buildSettings = {
				ASSETCATALOG_COMPILER_APPICON_NAME = AppIcon;
				INFOPLIST_FILE = Watermelon/Info.plist;
				LD_RUNPATH_SEARCH_PATHS = "$(inherited) @executable_path/Frameworks";
				PRODUCT_BUNDLE_IDENTIFIER = com.medishare.Watermelon;
				PRODUCT_NAME = "$(TARGET_NAME)";
			};
			name = Release;
		};
/* End XCBuildConfiguration section */

/* Begin XCConfigurationList section */
		DEEE03BC1E6563CD00A0FAE5 /* Build configuration list for PBXProject "Watermelon" */ = {
			isa = XCConfigurationList;
			buildConfigurations = (
				DEEE03D61E6563CD00A0FAE5 /* Debug */,
				DEEE03D71E6563CD00A0FAE5 /* Release */,
			);
			defaultConfigurationIsVisible = 0;
			defaultConfigurationName = Release;
		};
		DEEE03D81E6563CD00A0FAE5 /* Build configuration list for PBXNativeTarget "Watermelon" */ = {
			isa = XCConfigurationList;
			buildConfigurations = (
				DEEE03D91E6563CD00A0FAE5 /* Debug */,
				DEEE03DA1E6563CD00A0FAE5 /* Release */,
			);
			defaultConfigurationIsVisible = 0;
			defaultConfigurationName = Release;
		};
/* End XCConfigurationList section */
	};
	rootObject = DEEE03B91E6563CD00A0FAE5 /* Project object */;
}
